
Microsoft Visual Studio Solution File, Format Version 12.00
# Visual Studio Version 16
VisualStudioVersion = 16.0.30204.135
MinimumVisualStudioVersion = 10.0.40219.1
Project("{FAE04EC0-301F-11D3-BF4B-00C04F79EFBC}") = "HiyoonXioParser", "HiyoonXioParser\HiyoonXioParser.csproj", "{95DE9E58-01A2-4701-AD51-AFCED760041B}"
EndProject
Global
	GlobalSection(SolutionConfigurationPlatforms) = preSolution
		Debug|Any CPU = Debug|Any CPU
		Release|Any CPU = Release|Any CPU
	EndGlobalSection
	GlobalSection(ProjectConfigurationPlatforms) = postSolution
		{95DE9E58-01A2-4701-AD51-AFCED760041B}.Debug|Any CPU.ActiveCfg = Debug|Any CPU
		{95DE9E58-01A2-4701-AD51-AFCED760041B}.Debug|Any CPU.Build.0 = Debug|Any CPU
		{95DE9E58-01A2-4701-AD51-AFCED760041B}.Release|Any CPU.ActiveCfg = Release|Any CPU
		{95DE9E58-01A2-4701-AD51-AFCED760041B}.Release|Any CPU.Build.0 = Release|Any CPU
	EndGlobalSection
	GlobalSection(SolutionProperties) = preSolution
		HideSolutionNode = FALSE
	EndGlobalSection
	GlobalSection(ExtensibilityGlobals) = postSolution
		SolutionGuid = {53DC1D78-E5A5-4635-94C2-8CB984E657EE}
	EndGlobalSection
EndGlobal
